
Microsoft Visual Studio Solution File, Format Version 12.00
# Visual Studio Version 16
VisualStudioVersion = 16.0.29025.244
MinimumVisualStudioVersion = 10.0.40219.1
Project("{FAE04EC0-301F-11D3-BF4B-00C04F79EFBC}") = "Calculadora", "Calculadora.csproj", "{94FCC586-2C17-4443-945D-6D6EAB2CC429}"
EndProject
Project("{FAE04EC0-301F-11D3-BF4B-00C04F79EFBC}") = "TestsCalculadora", "..\TestsCalculadora\TestsCalculadora.csproj", "{084EB9ED-1D11-4964-A750-64FD5757746D}"
EndProject
Global
	GlobalSection(SolutionConfigurationPlatforms) = preSolution
		Debug|Any CPU = Debug|Any CPU
		Release|Any CPU = Release|Any CPU
	EndGlobalSection
	GlobalSection(ProjectConfigurationPlatforms) = postSolution
		{94FCC586-2C17-4443-945D-6D6EAB2CC429}.Debug|Any CPU.ActiveCfg = Debug|Any CPU
		{94FCC586-2C17-4443-945D-6D6EAB2CC429}.Debug|Any CPU.Build.0 = Debug|Any CPU
		{94FCC586-2C17-4443-945D-6D6EAB2CC429}.Release|Any CPU.ActiveCfg = Release|Any CPU
		{94FCC586-2C17-4443-945D-6D6EAB2CC429}.Release|Any CPU.Build.0 = Release|Any CPU
		{084EB9ED-1D11-4964-A750-64FD5757746D}.Debug|Any CPU.ActiveCfg = Debug|Any CPU
		{084EB9ED-1D11-4964-A750-64FD5757746D}.Debug|Any CPU.Build.0 = Debug|Any CPU
		{084EB9ED-1D11-4964-A750-64FD5757746D}.Release|Any CPU.ActiveCfg = Release|Any CPU
		{084EB9ED-1D11-4964-A750-64FD5757746D}.Release|Any CPU.Build.0 = Release|Any CPU
	EndGlobalSection
	GlobalSection(SolutionProperties) = preSolution
		HideSolutionNode = FALSE
	EndGlobalSection
	GlobalSection(ExtensibilityGlobals) = postSolution
		SolutionGuid = {5AD62580-D57F-4521-A2BC-3743692ACFE0}
	EndGlobalSection
EndGlobal
