
Microsoft Visual Studio Solution File, Format Version 12.00
# Visual Studio Version 16
VisualStudioVersion = 16.0.29025.244
MinimumVisualStudioVersion = 10.0.40219.1
Project("{FAE04EC0-301F-11D3-BF4B-00C04F79EFBC}") = "Archivos", "Archivos.csproj", "{61DBF868-A08D-4F00-B5DC-2034BC1F62D9}"
EndProject
Global
	GlobalSection(SolutionConfigurationPlatforms) = preSolution
		Debug|Any CPU = Debug|Any CPU
		Release|Any CPU = Release|Any CPU
	EndGlobalSection
	GlobalSection(ProjectConfigurationPlatforms) = postSolution
		{61DBF868-A08D-4F00-B5DC-2034BC1F62D9}.Debug|Any CPU.ActiveCfg = Debug|Any CPU
		{61DBF868-A08D-4F00-B5DC-2034BC1F62D9}.Debug|Any CPU.Build.0 = Debug|Any CPU
		{61DBF868-A08D-4F00-B5DC-2034BC1F62D9}.Release|Any CPU.ActiveCfg = Release|Any CPU
		{61DBF868-A08D-4F00-B5DC-2034BC1F62D9}.Release|Any CPU.Build.0 = Release|Any CPU
	EndGlobalSection
	GlobalSection(SolutionProperties) = preSolution
		HideSolutionNode = FALSE
	EndGlobalSection
	GlobalSection(ExtensibilityGlobals) = postSolution
		SolutionGuid = {4ED65398-315F-4417-B4B2-8814FE792833}
	EndGlobalSection
EndGlobal
