
Microsoft Visual Studio Solution File, Format Version 12.00
# Visual Studio Version 16
VisualStudioVersion = 16.0.29025.244
MinimumVisualStudioVersion = 10.0.40219.1
Project("{9A19103F-16F7-4668-BE54-9A1E7A4F7556}") = "VideojuegosApi", "VideojuegosApi.csproj", "{4684C6A9-0D0A-402C-ACB8-8F0614CDE3E3}"
EndProject
Global
	GlobalSection(SolutionConfigurationPlatforms) = preSolution
		Debug|Any CPU = Debug|Any CPU
		Release|Any CPU = Release|Any CPU
	EndGlobalSection
	GlobalSection(ProjectConfigurationPlatforms) = postSolution
		{4684C6A9-0D0A-402C-ACB8-8F0614CDE3E3}.Debug|Any CPU.ActiveCfg = Debug|Any CPU
		{4684C6A9-0D0A-402C-ACB8-8F0614CDE3E3}.Debug|Any CPU.Build.0 = Debug|Any CPU
		{4684C6A9-0D0A-402C-ACB8-8F0614CDE3E3}.Release|Any CPU.ActiveCfg = Release|Any CPU
		{4684C6A9-0D0A-402C-ACB8-8F0614CDE3E3}.Release|Any CPU.Build.0 = Release|Any CPU
	EndGlobalSection
	GlobalSection(SolutionProperties) = preSolution
		HideSolutionNode = FALSE
	EndGlobalSection
	GlobalSection(ExtensibilityGlobals) = postSolution
		SolutionGuid = {6067EE99-4146-4A14-B281-582F3E4264CD}
	EndGlobalSection
EndGlobal
